
Microsoft Visual Studio Solution File, Format Version 12.00
# Visual Studio Version 17
VisualStudioVersion = 17.7.34031.279
MinimumVisualStudioVersion = 10.0.40219.1
Project("{FAE04EC0-301F-11D3-BF4B-00C04F79EFBC}") = "Bank_Minimal_API", "Bank_Minimal_API\Bank_Minimal_API.csproj", "{312DE4CC-87D7-4556-B53B-3F88BB2DEBFE}"
EndProject
Global
	GlobalSection(SolutionConfigurationPlatforms) = preSolution
		Debug|Any CPU = Debug|Any CPU
		Release|Any CPU = Release|Any CPU
	EndGlobalSection
	GlobalSection(ProjectConfigurationPlatforms) = postSolution
		{312DE4CC-87D7-4556-B53B-3F88BB2DEBFE}.Debug|Any CPU.ActiveCfg = Debug|Any CPU
		{312DE4CC-87D7-4556-B53B-3F88BB2DEBFE}.Debug|Any CPU.Build.0 = Debug|Any CPU
		{312DE4CC-87D7-4556-B53B-3F88BB2DEBFE}.Release|Any CPU.ActiveCfg = Release|Any CPU
		{312DE4CC-87D7-4556-B53B-3F88BB2DEBFE}.Release|Any CPU.Build.0 = Release|Any CPU
	EndGlobalSection
	GlobalSection(SolutionProperties) = preSolution
		HideSolutionNode = FALSE
	EndGlobalSection
	GlobalSection(ExtensibilityGlobals) = postSolution
		SolutionGuid = {06E7726F-3A2C-4E1D-914D-4D78BE8BE30F}
	EndGlobalSection
EndGlobal
