
Microsoft Visual Studio Solution File, Format Version 12.00
# Visual Studio Version 17
VisualStudioVersion = 17.7.34031.279
MinimumVisualStudioVersion = 10.0.40219.1
Project("{FAE04EC0-301F-11D3-BF4B-00C04F79EFBC}") = "TopPlaces", "TopPlaces\TopPlaces.csproj", "{43130161-F1B6-4DAD-9002-9C977FD0CAA2}"
EndProject
Global
	GlobalSection(SolutionConfigurationPlatforms) = preSolution
		Debug|Any CPU = Debug|Any CPU
		Release|Any CPU = Release|Any CPU
	EndGlobalSection
	GlobalSection(ProjectConfigurationPlatforms) = postSolution
		{43130161-F1B6-4DAD-9002-9C977FD0CAA2}.Debug|Any CPU.ActiveCfg = Debug|Any CPU
		{43130161-F1B6-4DAD-9002-9C977FD0CAA2}.Debug|Any CPU.Build.0 = Debug|Any CPU
		{43130161-F1B6-4DAD-9002-9C977FD0CAA2}.Release|Any CPU.ActiveCfg = Release|Any CPU
		{43130161-F1B6-4DAD-9002-9C977FD0CAA2}.Release|Any CPU.Build.0 = Release|Any CPU
	EndGlobalSection
	GlobalSection(SolutionProperties) = preSolution
		HideSolutionNode = FALSE
	EndGlobalSection
	GlobalSection(ExtensibilityGlobals) = postSolution
		SolutionGuid = {41CD524B-27D7-4085-92AB-4C974C32643E}
	EndGlobalSection
EndGlobal
